
Microsoft Visual Studio Solution File, Format Version 12.00
# Visual Studio Version 17
VisualStudioVersion = 17.3.32811.315
MinimumVisualStudioVersion = 10.0.40219.1
Project("{FAE04EC0-301F-11D3-BF4B-00C04F79EFBC}") = "Luisapangilinan.Midterm", "Luisapangilinan.Midterm\Luisapangilinan.Midterm.csproj", "{AF98EC3F-21FF-4AE0-9BD9-75B70C9D16ED}"
EndProject
Global
	GlobalSection(SolutionConfigurationPlatforms) = preSolution
		Debug|Any CPU = Debug|Any CPU
		Release|Any CPU = Release|Any CPU
	EndGlobalSection
	GlobalSection(ProjectConfigurationPlatforms) = postSolution
		{AF98EC3F-21FF-4AE0-9BD9-75B70C9D16ED}.Debug|Any CPU.ActiveCfg = Debug|Any CPU
		{AF98EC3F-21FF-4AE0-9BD9-75B70C9D16ED}.Debug|Any CPU.Build.0 = Debug|Any CPU
		{AF98EC3F-21FF-4AE0-9BD9-75B70C9D16ED}.Release|Any CPU.ActiveCfg = Release|Any CPU
		{AF98EC3F-21FF-4AE0-9BD9-75B70C9D16ED}.Release|Any CPU.Build.0 = Release|Any CPU
	EndGlobalSection
	GlobalSection(SolutionProperties) = preSolution
		HideSolutionNode = FALSE
	EndGlobalSection
	GlobalSection(ExtensibilityGlobals) = postSolution
		SolutionGuid = {082B7FF3-41C5-416F-8F47-FC59A557B7B1}
	EndGlobalSection
EndGlobal
